
Microsoft Visual Studio Solution File, Format Version 12.00
# Visual Studio Version 17
VisualStudioVersion = 17.0.31903.59
MinimumVisualStudioVersion = 10.0.40219.1
Project("{FAE04EC0-301F-11D3-BF4B-00C04F79EFBC}") = "NielsenMAUI_App", "..\Users\alext\OneDrive\Documents\BYUI\Senior\cse325\NielsenMAUI_App\NielsenMAUI_App.csproj", "{355222F5-5548-4A51-A746-595033C890AE}"
EndProject
Global
	GlobalSection(SolutionConfigurationPlatforms) = preSolution
		Debug|Any CPU = Debug|Any CPU
		Release|Any CPU = Release|Any CPU
	EndGlobalSection
	GlobalSection(SolutionProperties) = preSolution
		HideSolutionNode = FALSE
	EndGlobalSection
	GlobalSection(ProjectConfigurationPlatforms) = postSolution
		{355222F5-5548-4A51-A746-595033C890AE}.Debug|Any CPU.ActiveCfg = Debug|Any CPU
		{355222F5-5548-4A51-A746-595033C890AE}.Debug|Any CPU.Build.0 = Debug|Any CPU
		{355222F5-5548-4A51-A746-595033C890AE}.Release|Any CPU.ActiveCfg = Release|Any CPU
		{355222F5-5548-4A51-A746-595033C890AE}.Release|Any CPU.Build.0 = Release|Any CPU
	EndGlobalSection
EndGlobal
